<?xml version="1.0" encoding="UTF-8"?>
<Project ToolsVersion="14.0" xmlns="http://schemas.microsoft.com/developer/msbuild/2003">
  <ItemGroup>
    <ClCompile Include="C:\Users\Mathijs\Desktop\AlfaCollege\Schooljaar2\Periode_2\Project2\Project_documenten\Engine_Rik\rt2d\demo\main.cpp">
      <Filter>Source Files</Filter>
    </ClCompile>
    <ClCompile Include="C:\Users\Mathijs\Desktop\AlfaCollege\Schooljaar2\Periode_2\Project2\Project_documenten\Engine_Rik\rt2d\demo\basicentity.cpp">
      <Filter>Source Files</Filter>
    </ClCompile>
    <ClCompile Include="C:\Users\Mathijs\Desktop\AlfaCollege\Schooljaar2\Periode_2\Project2\Project_documenten\Engine_Rik\rt2d\demo\boidentity.cpp">
      <Filter>Source Files</Filter>
    </ClCompile>
    <ClCompile Include="C:\Users\Mathijs\Desktop\AlfaCollege\Schooljaar2\Periode_2\Project2\Project_documenten\Engine_Rik\rt2d\demo\scene00.cpp">
      <Filter>Source Files</Filter>
    </ClCompile>
    <ClCompile Include="C:\Users\Mathijs\Desktop\AlfaCollege\Schooljaar2\Periode_2\Project2\Project_documenten\Engine_Rik\rt2d\demo\scene01.cpp">
      <Filter>Source Files</Filter>
    </ClCompile>
    <ClCompile Include="C:\Users\Mathijs\Desktop\AlfaCollege\Schooljaar2\Periode_2\Project2\Project_documenten\Engine_Rik\rt2d\demo\scene02.cpp">
      <Filter>Source Files</Filter>
    </ClCompile>
    <ClCompile Include="C:\Users\Mathijs\Desktop\AlfaCollege\Schooljaar2\Periode_2\Project2\Project_documenten\Engine_Rik\rt2d\demo\scene02a.cpp">
      <Filter>Source Files</Filter>
    </ClCompile>
    <ClCompile Include="C:\Users\Mathijs\Desktop\AlfaCollege\Schooljaar2\Periode_2\Project2\Project_documenten\Engine_Rik\rt2d\demo\scene03.cpp">
      <Filter>Source Files</Filter>
    </ClCompile>
    <ClCompile Include="C:\Users\Mathijs\Desktop\AlfaCollege\Schooljaar2\Periode_2\Project2\Project_documenten\Engine_Rik\rt2d\demo\scene03a.cpp">
      <Filter>Source Files</Filter>
    </ClCompile>
    <ClCompile Include="C:\Users\Mathijs\Desktop\AlfaCollege\Schooljaar2\Periode_2\Project2\Project_documenten\Engine_Rik\rt2d\demo\scene03b.cpp">
      <Filter>Source Files</Filter>
    </ClCompile>
    <ClCompile Include="C:\Users\Mathijs\Desktop\AlfaCollege\Schooljaar2\Periode_2\Project2\Project_documenten\Engine_Rik\rt2d\demo\scene04.cpp">
      <Filter>Source Files</Filter>
    </ClCompile>
    <ClCompile Include="C:\Users\Mathijs\Desktop\AlfaCollege\Schooljaar2\Periode_2\Project2\Project_documenten\Engine_Rik\rt2d\demo\scene05.cpp">
      <Filter>Source Files</Filter>
    </ClCompile>
    <ClCompile Include="C:\Users\Mathijs\Desktop\AlfaCollege\Schooljaar2\Periode_2\Project2\Project_documenten\Engine_Rik\rt2d\demo\scene06.cpp">
      <Filter>Source Files</Filter>
    </ClCompile>
    <ClCompile Include="C:\Users\Mathijs\Desktop\AlfaCollege\Schooljaar2\Periode_2\Project2\Project_documenten\Engine_Rik\rt2d\demo\scene07.cpp">
      <Filter>Source Files</Filter>
    </ClCompile>
    <ClCompile Include="C:\Users\Mathijs\Desktop\AlfaCollege\Schooljaar2\Periode_2\Project2\Project_documenten\Engine_Rik\rt2d\demo\scene08.cpp">
      <Filter>Source Files</Filter>
    </ClCompile>
    <ClCompile Include="C:\Users\Mathijs\Desktop\AlfaCollege\Schooljaar2\Periode_2\Project2\Project_documenten\Engine_Rik\rt2d\demo\scene09.cpp">
      <Filter>Source Files</Filter>
    </ClCompile>
    <ClCompile Include="C:\Users\Mathijs\Desktop\AlfaCollege\Schooljaar2\Periode_2\Project2\Project_documenten\Engine_Rik\rt2d\demo\scene10.cpp">
      <Filter>Source Files</Filter>
    </ClCompile>
    <ClCompile Include="C:\Users\Mathijs\Desktop\AlfaCollege\Schooljaar2\Periode_2\Project2\Project_documenten\Engine_Rik\rt2d\demo\superscene.cpp">
      <Filter>Source Files</Filter>
    </ClCompile>
  </ItemGroup>
  <ItemGroup>
    <ClInclude Include="C:\Users\Mathijs\Desktop\AlfaCollege\Schooljaar2\Periode_2\Project2\Project_documenten\Engine_Rik\rt2d\demo\basicentity.h">
      <Filter>Header Files</Filter>
    </ClInclude>
    <ClInclude Include="C:\Users\Mathijs\Desktop\AlfaCollege\Schooljaar2\Periode_2\Project2\Project_documenten\Engine_Rik\rt2d\demo\boidentity.h">
      <Filter>Header Files</Filter>
    </ClInclude>
    <ClInclude Include="C:\Users\Mathijs\Desktop\AlfaCollege\Schooljaar2\Periode_2\Project2\Project_documenten\Engine_Rik\rt2d\demo\scene00.h">
      <Filter>Header Files</Filter>
    </ClInclude>
    <ClInclude Include="C:\Users\Mathijs\Desktop\AlfaCollege\Schooljaar2\Periode_2\Project2\Project_documenten\Engine_Rik\rt2d\demo\scene01.h">
      <Filter>Header Files</Filter>
    </ClInclude>
    <ClInclude Include="C:\Users\Mathijs\Desktop\AlfaCollege\Schooljaar2\Periode_2\Project2\Project_documenten\Engine_Rik\rt2d\demo\scene02.h">
      <Filter>Header Files</Filter>
    </ClInclude>
    <ClInclude Include="C:\Users\Mathijs\Desktop\AlfaCollege\Schooljaar2\Periode_2\Project2\Project_documenten\Engine_Rik\rt2d\demo\scene02a.h">
      <Filter>Header Files</Filter>
    </ClInclude>
    <ClInclude Include="C:\Users\Mathijs\Desktop\AlfaCollege\Schooljaar2\Periode_2\Project2\Project_documenten\Engine_Rik\rt2d\demo\scene03.h">
      <Filter>Header Files</Filter>
    </ClInclude>
    <ClInclude Include="C:\Users\Mathijs\Desktop\AlfaCollege\Schooljaar2\Periode_2\Project2\Project_documenten\Engine_Rik\rt2d\demo\scene03a.h">
      <Filter>Header Files</Filter>
    </ClInclude>
    <ClInclude Include="C:\Users\Mathijs\Desktop\AlfaCollege\Schooljaar2\Periode_2\Project2\Project_documenten\Engine_Rik\rt2d\demo\scene03b.h">
      <Filter>Header Files</Filter>
    </ClInclude>
    <ClInclude Include="C:\Users\Mathijs\Desktop\AlfaCollege\Schooljaar2\Periode_2\Project2\Project_documenten\Engine_Rik\rt2d\demo\scene04.h">
      <Filter>Header Files</Filter>
    </ClInclude>
    <ClInclude Include="C:\Users\Mathijs\Desktop\AlfaCollege\Schooljaar2\Periode_2\Project2\Project_documenten\Engine_Rik\rt2d\demo\scene05.h">
      <Filter>Header Files</Filter>
    </ClInclude>
    <ClInclude Include="C:\Users\Mathijs\Desktop\AlfaCollege\Schooljaar2\Periode_2\Project2\Project_documenten\Engine_Rik\rt2d\demo\scene06.h">
      <Filter>Header Files</Filter>
    </ClInclude>
    <ClInclude Include="C:\Users\Mathijs\Desktop\AlfaCollege\Schooljaar2\Periode_2\Project2\Project_documenten\Engine_Rik\rt2d\demo\scene07.h">
      <Filter>Header Files</Filter>
    </ClInclude>
    <ClInclude Include="C:\Users\Mathijs\Desktop\AlfaCollege\Schooljaar2\Periode_2\Project2\Project_documenten\Engine_Rik\rt2d\demo\scene08.h">
      <Filter>Header Files</Filter>
    </ClInclude>
    <ClInclude Include="C:\Users\Mathijs\Desktop\AlfaCollege\Schooljaar2\Periode_2\Project2\Project_documenten\Engine_Rik\rt2d\demo\scene09.h">
      <Filter>Header Files</Filter>
    </ClInclude>
    <ClInclude Include="C:\Users\Mathijs\Desktop\AlfaCollege\Schooljaar2\Periode_2\Project2\Project_documenten\Engine_Rik\rt2d\demo\scene10.h">
      <Filter>Header Files</Filter>
    </ClInclude>
    <ClInclude Include="C:\Users\Mathijs\Desktop\AlfaCollege\Schooljaar2\Periode_2\Project2\Project_documenten\Engine_Rik\rt2d\demo\superscene.h">
      <Filter>Header Files</Filter>
    </ClInclude>
  </ItemGroup>
  <ItemGroup>
    <CustomBuild Include="C:\Users\Mathijs\Desktop\AlfaCollege\Schooljaar2\Periode_2\Project2\Project_documenten\Engine_Rik\rt2d\CMakeLists.txt" />
  </ItemGroup>
  <ItemGroup>
    <Filter Include="Source Files">
      <UniqueIdentifier>{D55F1BEE-D164-354A-86C2-52BF30364604}</UniqueIdentifier>
    </Filter>
    <Filter Include="Header Files">
      <UniqueIdentifier>{A62AE758-7B1E-36DD-A55B-07AFEBF335B0}</UniqueIdentifier>
    </Filter>
  </ItemGroup>
</Project>
