Microsoft Visual Studio Solution File, Format Version 12.00
# Visual Studio 14
Project("{8BC9CEB8-8B4A-11D0-8D11-00A0C91BC942}") = "ALL_BUILD", "ALL_BUILD.vcxproj", "{0C49F261-F25C-364E-88FB-552E47831E44}"
	ProjectSection(ProjectDependencies) = postProject
		{A9F22F67-E626-30E3-B3E7-8C64CECF2977} = {A9F22F67-E626-30E3-B3E7-8C64CECF2977}
		{CD12AAC7-D3C6-3477-84C9-82CDE65726E3} = {CD12AAC7-D3C6-3477-84C9-82CDE65726E3}
		{51B79835-C478-3CDC-A409-4009283D974A} = {51B79835-C478-3CDC-A409-4009283D974A}
		{2E3D1BAE-F55D-3FA2-894C-CD055FC30BB8} = {2E3D1BAE-F55D-3FA2-894C-CD055FC30BB8}
		{36C51596-0463-3CD7-A3A0-740705AF7199} = {36C51596-0463-3CD7-A3A0-740705AF7199}
		{8C976B47-F863-321F-91F1-1E35EA769FAC} = {8C976B47-F863-321F-91F1-1E35EA769FAC}
		{F26B8610-12C5-376D-88E0-48B8FAF3753F} = {F26B8610-12C5-376D-88E0-48B8FAF3753F}
	EndProjectSection
EndProject
Project("{8BC9CEB8-8B4A-11D0-8D11-00A0C91BC942}") = "GLEW_190", "external\GLEW_190.vcxproj", "{A9F22F67-E626-30E3-B3E7-8C64CECF2977}"
	ProjectSection(ProjectDependencies) = postProject
		{51B79835-C478-3CDC-A409-4009283D974A} = {51B79835-C478-3CDC-A409-4009283D974A}
	EndProjectSection
EndProject
Project("{8BC9CEB8-8B4A-11D0-8D11-00A0C91BC942}") = "GLFW_303", "external\glfw-3.0.3\src\GLFW_303.vcxproj", "{CD12AAC7-D3C6-3477-84C9-82CDE65726E3}"
	ProjectSection(ProjectDependencies) = postProject
		{51B79835-C478-3CDC-A409-4009283D974A} = {51B79835-C478-3CDC-A409-4009283D974A}
	EndProjectSection
EndProject
Project("{8BC9CEB8-8B4A-11D0-8D11-00A0C91BC942}") = "ZERO_CHECK", "ZERO_CHECK.vcxproj", "{51B79835-C478-3CDC-A409-4009283D974A}"
	ProjectSection(ProjectDependencies) = postProject
	EndProjectSection
EndProject
Project("{8BC9CEB8-8B4A-11D0-8D11-00A0C91BC942}") = "demo", "demo.vcxproj", "{2E3D1BAE-F55D-3FA2-894C-CD055FC30BB8}"
	ProjectSection(ProjectDependencies) = postProject
		{A9F22F67-E626-30E3-B3E7-8C64CECF2977} = {A9F22F67-E626-30E3-B3E7-8C64CECF2977}
		{CD12AAC7-D3C6-3477-84C9-82CDE65726E3} = {CD12AAC7-D3C6-3477-84C9-82CDE65726E3}
		{51B79835-C478-3CDC-A409-4009283D974A} = {51B79835-C478-3CDC-A409-4009283D974A}
		{36C51596-0463-3CD7-A3A0-740705AF7199} = {36C51596-0463-3CD7-A3A0-740705AF7199}
		{8C976B47-F863-321F-91F1-1E35EA769FAC} = {8C976B47-F863-321F-91F1-1E35EA769FAC}
	EndProjectSection
EndProject
Project("{8BC9CEB8-8B4A-11D0-8D11-00A0C91BC942}") = "rs232", "external\rs232.vcxproj", "{36C51596-0463-3CD7-A3A0-740705AF7199}"
	ProjectSection(ProjectDependencies) = postProject
		{51B79835-C478-3CDC-A409-4009283D974A} = {51B79835-C478-3CDC-A409-4009283D974A}
	EndProjectSection
EndProject
Project("{8BC9CEB8-8B4A-11D0-8D11-00A0C91BC942}") = "rt2d", "rt2d.vcxproj", "{8C976B47-F863-321F-91F1-1E35EA769FAC}"
	ProjectSection(ProjectDependencies) = postProject
		{51B79835-C478-3CDC-A409-4009283D974A} = {51B79835-C478-3CDC-A409-4009283D974A}
	EndProjectSection
EndProject
Project("{8BC9CEB8-8B4A-11D0-8D11-00A0C91BC942}") = "start", "start.vcxproj", "{F26B8610-12C5-376D-88E0-48B8FAF3753F}"
	ProjectSection(ProjectDependencies) = postProject
		{A9F22F67-E626-30E3-B3E7-8C64CECF2977} = {A9F22F67-E626-30E3-B3E7-8C64CECF2977}
		{CD12AAC7-D3C6-3477-84C9-82CDE65726E3} = {CD12AAC7-D3C6-3477-84C9-82CDE65726E3}
		{51B79835-C478-3CDC-A409-4009283D974A} = {51B79835-C478-3CDC-A409-4009283D974A}
		{36C51596-0463-3CD7-A3A0-740705AF7199} = {36C51596-0463-3CD7-A3A0-740705AF7199}
		{8C976B47-F863-321F-91F1-1E35EA769FAC} = {8C976B47-F863-321F-91F1-1E35EA769FAC}
	EndProjectSection
EndProject
Global
	GlobalSection(SolutionConfigurationPlatforms) = preSolution
		Debug|Win32 = Debug|Win32
		Release|Win32 = Release|Win32
		MinSizeRel|Win32 = MinSizeRel|Win32
		RelWithDebInfo|Win32 = RelWithDebInfo|Win32
	EndGlobalSection
	GlobalSection(ProjectConfigurationPlatforms) = postSolution
		{0C49F261-F25C-364E-88FB-552E47831E44}.Debug|Win32.ActiveCfg = Debug|Win32
		{0C49F261-F25C-364E-88FB-552E47831E44}.Release|Win32.ActiveCfg = Release|Win32
		{0C49F261-F25C-364E-88FB-552E47831E44}.MinSizeRel|Win32.ActiveCfg = MinSizeRel|Win32
		{0C49F261-F25C-364E-88FB-552E47831E44}.RelWithDebInfo|Win32.ActiveCfg = RelWithDebInfo|Win32
		{A9F22F67-E626-30E3-B3E7-8C64CECF2977}.Debug|Win32.ActiveCfg = Debug|Win32
		{A9F22F67-E626-30E3-B3E7-8C64CECF2977}.Debug|Win32.Build.0 = Debug|Win32
		{A9F22F67-E626-30E3-B3E7-8C64CECF2977}.Release|Win32.ActiveCfg = Release|Win32
		{A9F22F67-E626-30E3-B3E7-8C64CECF2977}.Release|Win32.Build.0 = Release|Win32
		{A9F22F67-E626-30E3-B3E7-8C64CECF2977}.MinSizeRel|Win32.ActiveCfg = MinSizeRel|Win32
		{A9F22F67-E626-30E3-B3E7-8C64CECF2977}.MinSizeRel|Win32.Build.0 = MinSizeRel|Win32
		{A9F22F67-E626-30E3-B3E7-8C64CECF2977}.RelWithDebInfo|Win32.ActiveCfg = RelWithDebInfo|Win32
		{A9F22F67-E626-30E3-B3E7-8C64CECF2977}.RelWithDebInfo|Win32.Build.0 = RelWithDebInfo|Win32
		{CD12AAC7-D3C6-3477-84C9-82CDE65726E3}.Debug|Win32.ActiveCfg = Debug|Win32
		{CD12AAC7-D3C6-3477-84C9-82CDE65726E3}.Debug|Win32.Build.0 = Debug|Win32
		{CD12AAC7-D3C6-3477-84C9-82CDE65726E3}.Release|Win32.ActiveCfg = Release|Win32
		{CD12AAC7-D3C6-3477-84C9-82CDE65726E3}.Release|Win32.Build.0 = Release|Win32
		{CD12AAC7-D3C6-3477-84C9-82CDE65726E3}.MinSizeRel|Win32.ActiveCfg = MinSizeRel|Win32
		{CD12AAC7-D3C6-3477-84C9-82CDE65726E3}.MinSizeRel|Win32.Build.0 = MinSizeRel|Win32
		{CD12AAC7-D3C6-3477-84C9-82CDE65726E3}.RelWithDebInfo|Win32.ActiveCfg = RelWithDebInfo|Win32
		{CD12AAC7-D3C6-3477-84C9-82CDE65726E3}.RelWithDebInfo|Win32.Build.0 = RelWithDebInfo|Win32
		{51B79835-C478-3CDC-A409-4009283D974A}.Debug|Win32.ActiveCfg = Debug|Win32
		{51B79835-C478-3CDC-A409-4009283D974A}.Debug|Win32.Build.0 = Debug|Win32
		{51B79835-C478-3CDC-A409-4009283D974A}.Release|Win32.ActiveCfg = Release|Win32
		{51B79835-C478-3CDC-A409-4009283D974A}.Release|Win32.Build.0 = Release|Win32
		{51B79835-C478-3CDC-A409-4009283D974A}.MinSizeRel|Win32.ActiveCfg = MinSizeRel|Win32
		{51B79835-C478-3CDC-A409-4009283D974A}.MinSizeRel|Win32.Build.0 = MinSizeRel|Win32
		{51B79835-C478-3CDC-A409-4009283D974A}.RelWithDebInfo|Win32.ActiveCfg = RelWithDebInfo|Win32
		{51B79835-C478-3CDC-A409-4009283D974A}.RelWithDebInfo|Win32.Build.0 = RelWithDebInfo|Win32
		{2E3D1BAE-F55D-3FA2-894C-CD055FC30BB8}.Debug|Win32.ActiveCfg = Debug|Win32
		{2E3D1BAE-F55D-3FA2-894C-CD055FC30BB8}.Debug|Win32.Build.0 = Debug|Win32
		{2E3D1BAE-F55D-3FA2-894C-CD055FC30BB8}.Release|Win32.ActiveCfg = Release|Win32
		{2E3D1BAE-F55D-3FA2-894C-CD055FC30BB8}.Release|Win32.Build.0 = Release|Win32
		{2E3D1BAE-F55D-3FA2-894C-CD055FC30BB8}.MinSizeRel|Win32.ActiveCfg = MinSizeRel|Win32
		{2E3D1BAE-F55D-3FA2-894C-CD055FC30BB8}.MinSizeRel|Win32.Build.0 = MinSizeRel|Win32
		{2E3D1BAE-F55D-3FA2-894C-CD055FC30BB8}.RelWithDebInfo|Win32.ActiveCfg = RelWithDebInfo|Win32
		{2E3D1BAE-F55D-3FA2-894C-CD055FC30BB8}.RelWithDebInfo|Win32.Build.0 = RelWithDebInfo|Win32
		{36C51596-0463-3CD7-A3A0-740705AF7199}.Debug|Win32.ActiveCfg = Debug|Win32
		{36C51596-0463-3CD7-A3A0-740705AF7199}.Debug|Win32.Build.0 = Debug|Win32
		{36C51596-0463-3CD7-A3A0-740705AF7199}.Release|Win32.ActiveCfg = Release|Win32
		{36C51596-0463-3CD7-A3A0-740705AF7199}.Release|Win32.Build.0 = Release|Win32
		{36C51596-0463-3CD7-A3A0-740705AF7199}.MinSizeRel|Win32.ActiveCfg = MinSizeRel|Win32
		{36C51596-0463-3CD7-A3A0-740705AF7199}.MinSizeRel|Win32.Build.0 = MinSizeRel|Win32
		{36C51596-0463-3CD7-A3A0-740705AF7199}.RelWithDebInfo|Win32.ActiveCfg = RelWithDebInfo|Win32
		{36C51596-0463-3CD7-A3A0-740705AF7199}.RelWithDebInfo|Win32.Build.0 = RelWithDebInfo|Win32
		{8C976B47-F863-321F-91F1-1E35EA769FAC}.Debug|Win32.ActiveCfg = Debug|Win32
		{8C976B47-F863-321F-91F1-1E35EA769FAC}.Debug|Win32.Build.0 = Debug|Win32
		{8C976B47-F863-321F-91F1-1E35EA769FAC}.Release|Win32.ActiveCfg = Release|Win32
		{8C976B47-F863-321F-91F1-1E35EA769FAC}.Release|Win32.Build.0 = Release|Win32
		{8C976B47-F863-321F-91F1-1E35EA769FAC}.MinSizeRel|Win32.ActiveCfg = MinSizeRel|Win32
		{8C976B47-F863-321F-91F1-1E35EA769FAC}.MinSizeRel|Win32.Build.0 = MinSizeRel|Win32
		{8C976B47-F863-321F-91F1-1E35EA769FAC}.RelWithDebInfo|Win32.ActiveCfg = RelWithDebInfo|Win32
		{8C976B47-F863-321F-91F1-1E35EA769FAC}.RelWithDebInfo|Win32.Build.0 = RelWithDebInfo|Win32
		{F26B8610-12C5-376D-88E0-48B8FAF3753F}.Debug|Win32.ActiveCfg = Debug|Win32
		{F26B8610-12C5-376D-88E0-48B8FAF3753F}.Debug|Win32.Build.0 = Debug|Win32
		{F26B8610-12C5-376D-88E0-48B8FAF3753F}.Release|Win32.ActiveCfg = Release|Win32
		{F26B8610-12C5-376D-88E0-48B8FAF3753F}.Release|Win32.Build.0 = Release|Win32
		{F26B8610-12C5-376D-88E0-48B8FAF3753F}.MinSizeRel|Win32.ActiveCfg = MinSizeRel|Win32
		{F26B8610-12C5-376D-88E0-48B8FAF3753F}.MinSizeRel|Win32.Build.0 = MinSizeRel|Win32
		{F26B8610-12C5-376D-88E0-48B8FAF3753F}.RelWithDebInfo|Win32.ActiveCfg = RelWithDebInfo|Win32
		{F26B8610-12C5-376D-88E0-48B8FAF3753F}.RelWithDebInfo|Win32.Build.0 = RelWithDebInfo|Win32
	EndGlobalSection
	GlobalSection(ExtensibilityGlobals) = postSolution
	EndGlobalSection
	GlobalSection(ExtensibilityAddIns) = postSolution
	EndGlobalSection
EndGlobal
